
Microsoft Visual Studio Solution File, Format Version 12.00
# Visual Studio 15
VisualStudioVersion = 15.0.28307.1267
MinimumVisualStudioVersion = 10.0.40219.1
Project("{FAE04EC0-301F-11D3-BF4B-00C04F79EFBC}") = "ThucHanh", "ThucHanh\ThucHanh.csproj", "{D622C5EE-A26E-4E4A-972A-9000B6CB7183}"
EndProject
Global
	GlobalSection(SolutionConfigurationPlatforms) = preSolution
		Debug|Any CPU = Debug|Any CPU
		Release|Any CPU = Release|Any CPU
	EndGlobalSection
	GlobalSection(ProjectConfigurationPlatforms) = postSolution
		{D622C5EE-A26E-4E4A-972A-9000B6CB7183}.Debug|Any CPU.ActiveCfg = Debug|Any CPU
		{D622C5EE-A26E-4E4A-972A-9000B6CB7183}.Debug|Any CPU.Build.0 = Debug|Any CPU
		{D622C5EE-A26E-4E4A-972A-9000B6CB7183}.Release|Any CPU.ActiveCfg = Release|Any CPU
		{D622C5EE-A26E-4E4A-972A-9000B6CB7183}.Release|Any CPU.Build.0 = Release|Any CPU
	EndGlobalSection
	GlobalSection(SolutionProperties) = preSolution
		HideSolutionNode = FALSE
	EndGlobalSection
	GlobalSection(ExtensibilityGlobals) = postSolution
		SolutionGuid = {E29BBF76-14E6-470D-88F1-477C780314C5}
	EndGlobalSection
EndGlobal
